
Microsoft Visual Studio Solution File, Format Version 12.00
# Visual Studio Version 16
VisualStudioVersion = 25.0.1700.0
MinimumVisualStudioVersion = 10.0.40219.1
Project("{FAE04EC0-301F-11D3-BF4B-00C04F79EFBC}") = "ParlezentreeApi", "ParlezentreeApi\ParlezentreeApi.csproj", "{2F0302C2-65E9-45D9-9E9C-9E567CFC39DD}"
EndProject
Project("{E53339B2-1760-4266-BCC7-CA923CBCF16C}") = "docker-compose", "docker-compose.dcproj", "{DE842A19-5874-4D04-8F70-F1E4E9909552}"
EndProject
Project("{FAE04EC0-301F-11D3-BF4B-00C04F79EFBC}") = "ParlezentreeDl", "ParlezentreeDl\ParlezentreeDl.csproj", "{D3BA4CE7-76B7-4B74-96E7-21CA0A14DE44}"
EndProject
Project("{FAE04EC0-301F-11D3-BF4B-00C04F79EFBC}") = "ParlezentreeTest", "ParlezentreeTest\ParlezentreeTest.csproj", "{6023210F-DC4B-4748-908A-BF52BCAFF21B}"
EndProject
Global
	GlobalSection(SolutionConfigurationPlatforms) = preSolution
		Debug|Any CPU = Debug|Any CPU
		Release|Any CPU = Release|Any CPU
	EndGlobalSection
	GlobalSection(ProjectConfigurationPlatforms) = postSolution
		{2F0302C2-65E9-45D9-9E9C-9E567CFC39DD}.Debug|Any CPU.ActiveCfg = Debug|Any CPU
		{2F0302C2-65E9-45D9-9E9C-9E567CFC39DD}.Debug|Any CPU.Build.0 = Debug|Any CPU
		{2F0302C2-65E9-45D9-9E9C-9E567CFC39DD}.Release|Any CPU.ActiveCfg = Release|Any CPU
		{2F0302C2-65E9-45D9-9E9C-9E567CFC39DD}.Release|Any CPU.Build.0 = Release|Any CPU
		{DE842A19-5874-4D04-8F70-F1E4E9909552}.Debug|Any CPU.ActiveCfg = Debug|Any CPU
		{DE842A19-5874-4D04-8F70-F1E4E9909552}.Debug|Any CPU.Build.0 = Debug|Any CPU
		{DE842A19-5874-4D04-8F70-F1E4E9909552}.Release|Any CPU.ActiveCfg = Release|Any CPU
		{DE842A19-5874-4D04-8F70-F1E4E9909552}.Release|Any CPU.Build.0 = Release|Any CPU
		{D3BA4CE7-76B7-4B74-96E7-21CA0A14DE44}.Debug|Any CPU.ActiveCfg = Debug|Any CPU
		{D3BA4CE7-76B7-4B74-96E7-21CA0A14DE44}.Debug|Any CPU.Build.0 = Debug|Any CPU
		{D3BA4CE7-76B7-4B74-96E7-21CA0A14DE44}.Release|Any CPU.ActiveCfg = Release|Any CPU
		{D3BA4CE7-76B7-4B74-96E7-21CA0A14DE44}.Release|Any CPU.Build.0 = Release|Any CPU
		{6023210F-DC4B-4748-908A-BF52BCAFF21B}.Debug|Any CPU.ActiveCfg = Debug|Any CPU
		{6023210F-DC4B-4748-908A-BF52BCAFF21B}.Debug|Any CPU.Build.0 = Debug|Any CPU
		{6023210F-DC4B-4748-908A-BF52BCAFF21B}.Release|Any CPU.ActiveCfg = Release|Any CPU
		{6023210F-DC4B-4748-908A-BF52BCAFF21B}.Release|Any CPU.Build.0 = Release|Any CPU
	EndGlobalSection
	GlobalSection(SolutionProperties) = preSolution
		HideSolutionNode = FALSE
	EndGlobalSection
	GlobalSection(ExtensibilityGlobals) = postSolution
		SolutionGuid = {FF4FA70A-5FA7-4A65-8563-4DC0A9B29295}
	EndGlobalSection
EndGlobal
